// !$*UTF8*$!
{
	archiveVersion = 1;
	classes = {
	};
	objectVersion = 46;
	objects = {

/* Begin PBXBuildFile section */
		972D47021D5911D600AF6464 /* AppDelegate.swift in Sources */ = {isa = PBXBuildFile; fileRef = 972D47011D5911D600AF6464 /* AppDelegate.swift */; };
		972D47051D5911D600AF6464 /* FinalProject.xcdatamodeld in Sources */ = {isa = PBXBuildFile; fileRef = 972D47031D5911D600AF6464 /* FinalProject.xcdatamodeld */; };
		972D47071D5911D600AF6464 /* MasterViewController.swift in Sources */ = {isa = PBXBuildFile; fileRef = 972D47061D5911D600AF6464 /* MasterViewController.swift */; };
		972D47091D5911D600AF6464 /* DetailViewController.swift in Sources */ = {isa = PBXBuildFile; fileRef = 972D47081D5911D600AF6464 /* DetailViewController.swift */; };
		972D470C1D5911D600AF6464 /* Main.storyboard in Resources */ = {isa = PBXBuildFile; fileRef = 972D470A1D5911D600AF6464 /* Main.storyboard */; };
		972D470E1D5911D600AF6464 /* Assets.xcassets in Resources */ = {isa = PBXBuildFile; fileRef = 972D470D1D5911D600AF6464 /* Assets.xcassets */; };
		972D47111D5911D600AF6464 /* LaunchScreen.storyboard in Resources */ = {isa = PBXBuildFile; fileRef = 972D470F1D5911D600AF6464 /* LaunchScreen.storyboard */; };
		972D47211D5938A500AF6464 /* House+CoreDataProperties.m in Sources */ = {isa = PBXBuildFile; fileRef = 972D471A1D5938A500AF6464 /* House+CoreDataProperties.m */; };
		972D47221D5938A500AF6464 /* House.m in Sources */ = {isa = PBXBuildFile; fileRef = 972D471C1D5938A500AF6464 /* House.m */; };
		972D47371D593A2F00AF6464 /* Room+CoreDataProperties.m in Sources */ = {isa = PBXBuildFile; fileRef = 972D47281D593A2F00AF6464 /* Room+CoreDataProperties.m */; };
		972D47381D593A2F00AF6464 /* Room.m in Sources */ = {isa = PBXBuildFile; fileRef = 972D472A1D593A2F00AF6464 /* Room.m */; };
		972D47391D593A2F00AF6464 /* ImagesHouse+CoreDataProperties.m in Sources */ = {isa = PBXBuildFile; fileRef = 972D472C1D593A2F00AF6464 /* ImagesHouse+CoreDataProperties.m */; };
		972D473A1D593A2F00AF6464 /* ImagesHouse.m in Sources */ = {isa = PBXBuildFile; fileRef = 972D472E1D593A2F00AF6464 /* ImagesHouse.m */; };
		972D473B1D593A2F00AF6464 /* InteriorPart+CoreDataProperties.m in Sources */ = {isa = PBXBuildFile; fileRef = 972D47301D593A2F00AF6464 /* InteriorPart+CoreDataProperties.m */; };
		972D473C1D593A2F00AF6464 /* InteriorPart.m in Sources */ = {isa = PBXBuildFile; fileRef = 972D47321D593A2F00AF6464 /* InteriorPart.m */; };
		972D473D1D593A2F00AF6464 /* ImagesInteriorPart+CoreDataProperties.m in Sources */ = {isa = PBXBuildFile; fileRef = 972D47341D593A2F00AF6464 /* ImagesInteriorPart+CoreDataProperties.m */; };
		972D473E1D593A2F00AF6464 /* ImagesInteriorPart.m in Sources */ = {isa = PBXBuildFile; fileRef = 972D47361D593A2F00AF6464 /* ImagesInteriorPart.m */; };
		972D47441D5A71B900AF6464 /* CustomCell.swift in Sources */ = {isa = PBXBuildFile; fileRef = 972D47431D5A71B900AF6464 /* CustomCell.swift */; };
		972D47461D5A826100AF6464 /* AddHouse.swift in Sources */ = {isa = PBXBuildFile; fileRef = 972D47451D5A826100AF6464 /* AddHouse.swift */; };
		9FEDED6702EA1039A1759369 /* Pods_FinalProject.framework in Frameworks */ = {isa = PBXBuildFile; fileRef = EB1BBA4637954BCFE44701D8 /* Pods_FinalProject.framework */; };
		AB6438261D5CA73F002912D5 /* LoginViewController.swift in Sources */ = {isa = PBXBuildFile; fileRef = AB6438241D5CA73F002912D5 /* LoginViewController.swift */; };
		AB6438271D5CA73F002912D5 /* RegisterViewController.swift in Sources */ = {isa = PBXBuildFile; fileRef = AB6438251D5CA73F002912D5 /* RegisterViewController.swift */; };
		AB64382C1D5FE40E002912D5 /* Landlord+CoreDataProperties.m in Sources */ = {isa = PBXBuildFile; fileRef = AB6438291D5FE40E002912D5 /* Landlord+CoreDataProperties.m */; };
		AB64382D1D5FE40E002912D5 /* Landlord.m in Sources */ = {isa = PBXBuildFile; fileRef = AB64382B1D5FE40E002912D5 /* Landlord.m */; };
/* End PBXBuildFile section */

/* Begin PBXFileReference section */
		5CCA1800E6F87D6F8B269496 /* Pods-FinalProject.release.xcconfig */ = {isa = PBXFileReference; includeInIndex = 1; lastKnownFileType = text.xcconfig; name = "Pods-FinalProject.release.xcconfig"; path = "Pods/Target Support Files/Pods-FinalProject/Pods-FinalProject.release.xcconfig"; sourceTree = "<group>"; };
		8CCCB0DE0778CADFBDF87F46 /* Pods-FinalProject.debug.xcconfig */ = {isa = PBXFileReference; includeInIndex = 1; lastKnownFileType = text.xcconfig; name = "Pods-FinalProject.debug.xcconfig"; path = "Pods/Target Support Files/Pods-FinalProject/Pods-FinalProject.debug.xcconfig"; sourceTree = "<group>"; };
		972D46FE1D5911D600AF6464 /* FinalProject.app */ = {isa = PBXFileReference; explicitFileType = wrapper.application; includeInIndex = 0; path = FinalProject.app; sourceTree = BUILT_PRODUCTS_DIR; };
		972D47011D5911D600AF6464 /* AppDelegate.swift */ = {isa = PBXFileReference; lastKnownFileType = sourcecode.swift; path = AppDelegate.swift; sourceTree = "<group>"; };
		972D47041D5911D600AF6464 /* FinalProject.xcdatamodel */ = {isa = PBXFileReference; lastKnownFileType = wrapper.xcdatamodel; path = FinalProject.xcdatamodel; sourceTree = "<group>"; };
		972D47061D5911D600AF6464 /* MasterViewController.swift */ = {isa = PBXFileReference; lastKnownFileType = sourcecode.swift; path = MasterViewController.swift; sourceTree = "<group>"; };
		972D47081D5911D600AF6464 /* DetailViewController.swift */ = {isa = PBXFileReference; lastKnownFileType = sourcecode.swift; path = DetailViewController.swift; sourceTree = "<group>"; };
		972D470B1D5911D600AF6464 /* Base */ = {isa = PBXFileReference; lastKnownFileType = file.storyboard; name = Base; path = Base.lproj/Main.storyboard; sourceTree = "<group>"; };
		972D470D1D5911D600AF6464 /* Assets.xcassets */ = {isa = PBXFileReference; lastKnownFileType = folder.assetcatalog; path = Assets.xcassets; sourceTree = "<group>"; };
		972D47101D5911D600AF6464 /* Base */ = {isa = PBXFileReference; lastKnownFileType = file.storyboard; name = Base; path = Base.lproj/LaunchScreen.storyboard; sourceTree = "<group>"; };
		972D47121D5911D600AF6464 /* Info.plist */ = {isa = PBXFileReference; lastKnownFileType = text.plist.xml; path = Info.plist; sourceTree = "<group>"; };
		972D47181D5938A500AF6464 /* FinalProject-Bridging-Header.h */ = {isa = PBXFileReference; lastKnownFileType = sourcecode.c.h; path = "FinalProject-Bridging-Header.h"; sourceTree = "<group>"; };
		972D47191D5938A500AF6464 /* House+CoreDataProperties.h */ = {isa = PBXFileReference; fileEncoding = 4; lastKnownFileType = sourcecode.c.h; path = "House+CoreDataProperties.h"; sourceTree = "<group>"; };
		972D471A1D5938A500AF6464 /* House+CoreDataProperties.m */ = {isa = PBXFileReference; fileEncoding = 4; lastKnownFileType = sourcecode.c.objc; path = "House+CoreDataProperties.m"; sourceTree = "<group>"; };
		972D471B1D5938A500AF6464 /* House.h */ = {isa = PBXFileReference; fileEncoding = 4; lastKnownFileType = sourcecode.c.h; path = House.h; sourceTree = "<group>"; };
		972D471C1D5938A500AF6464 /* House.m */ = {isa = PBXFileReference; fileEncoding = 4; lastKnownFileType = sourcecode.c.objc; path = House.m; sourceTree = "<group>"; };
		972D47271D593A2F00AF6464 /* Room+CoreDataProperties.h */ = {isa = PBXFileReference; fileEncoding = 4; lastKnownFileType = sourcecode.c.h; path = "Room+CoreDataProperties.h"; sourceTree = "<group>"; };
		972D47281D593A2F00AF6464 /* Room+CoreDataProperties.m */ = {isa = PBXFileReference; fileEncoding = 4; lastKnownFileType = sourcecode.c.objc; path = "Room+CoreDataProperties.m"; sourceTree = "<group>"; };
		972D47291D593A2F00AF6464 /* Room.h */ = {isa = PBXFileReference; fileEncoding = 4; lastKnownFileType = sourcecode.c.h; path = Room.h; sourceTree = "<group>"; };
		972D472A1D593A2F00AF6464 /* Room.m */ = {isa = PBXFileReference; fileEncoding = 4; lastKnownFileType = sourcecode.c.objc; path = Room.m; sourceTree = "<group>"; };
		972D472B1D593A2F00AF6464 /* ImagesHouse+CoreDataProperties.h */ = {isa = PBXFileReference; fileEncoding = 4; lastKnownFileType = sourcecode.c.h; path = "ImagesHouse+CoreDataProperties.h"; sourceTree = "<group>"; };
		972D472C1D593A2F00AF6464 /* ImagesHouse+CoreDataProperties.m */ = {isa = PBXFileReference; fileEncoding = 4; lastKnownFileType = sourcecode.c.objc; path = "ImagesHouse+CoreDataProperties.m"; sourceTree = "<group>"; };
		972D472D1D593A2F00AF6464 /* ImagesHouse.h */ = {isa = PBXFileReference; fileEncoding = 4; lastKnownFileType = sourcecode.c.h; path = ImagesHouse.h; sourceTree = "<group>"; };
		972D472E1D593A2F00AF6464 /* ImagesHouse.m */ = {isa = PBXFileReference; fileEncoding = 4; lastKnownFileType = sourcecode.c.objc; path = ImagesHouse.m; sourceTree = "<group>"; };
		972D472F1D593A2F00AF6464 /* InteriorPart+CoreDataProperties.h */ = {isa = PBXFileReference; fileEncoding = 4; lastKnownFileType = sourcecode.c.h; path = "InteriorPart+CoreDataProperties.h"; sourceTree = "<group>"; };
		972D47301D593A2F00AF6464 /* InteriorPart+CoreDataProperties.m */ = {isa = PBXFileReference; fileEncoding = 4; lastKnownFileType = sourcecode.c.objc; path = "InteriorPart+CoreDataProperties.m"; sourceTree = "<group>"; };
		972D47311D593A2F00AF6464 /* InteriorPart.h */ = {isa = PBXFileReference; fileEncoding = 4; lastKnownFileType = sourcecode.c.h; path = InteriorPart.h; sourceTree = "<group>"; };
		972D47321D593A2F00AF6464 /* InteriorPart.m */ = {isa = PBXFileReference; fileEncoding = 4; lastKnownFileType = sourcecode.c.objc; path = InteriorPart.m; sourceTree = "<group>"; };
		972D47331D593A2F00AF6464 /* ImagesInteriorPart+CoreDataProperties.h */ = {isa = PBXFileReference; fileEncoding = 4; lastKnownFileType = sourcecode.c.h; path = "ImagesInteriorPart+CoreDataProperties.h"; sourceTree = "<group>"; };
		972D47341D593A2F00AF6464 /* ImagesInteriorPart+CoreDataProperties.m */ = {isa = PBXFileReference; fileEncoding = 4; lastKnownFileType = sourcecode.c.objc; path = "ImagesInteriorPart+CoreDataProperties.m"; sourceTree = "<group>"; };
		972D47351D593A2F00AF6464 /* ImagesInteriorPart.h */ = {isa = PBXFileReference; fileEncoding = 4; lastKnownFileType = sourcecode.c.h; path = ImagesInteriorPart.h; sourceTree = "<group>"; };
		972D47361D593A2F00AF6464 /* ImagesInteriorPart.m */ = {isa = PBXFileReference; fileEncoding = 4; lastKnownFileType = sourcecode.c.objc; path = ImagesInteriorPart.m; sourceTree = "<group>"; };
		972D47431D5A71B900AF6464 /* CustomCell.swift */ = {isa = PBXFileReference; fileEncoding = 4; lastKnownFileType = sourcecode.swift; path = CustomCell.swift; sourceTree = "<group>"; };
		972D47451D5A826100AF6464 /* AddHouse.swift */ = {isa = PBXFileReference; fileEncoding = 4; lastKnownFileType = sourcecode.swift; path = AddHouse.swift; sourceTree = "<group>"; };
		AB6438241D5CA73F002912D5 /* LoginViewController.swift */ = {isa = PBXFileReference; fileEncoding = 4; lastKnownFileType = sourcecode.swift; path = LoginViewController.swift; sourceTree = "<group>"; };
		AB6438251D5CA73F002912D5 /* RegisterViewController.swift */ = {isa = PBXFileReference; fileEncoding = 4; lastKnownFileType = sourcecode.swift; path = RegisterViewController.swift; sourceTree = "<group>"; };
		AB6438281D5FE40E002912D5 /* Landlord+CoreDataProperties.h */ = {isa = PBXFileReference; fileEncoding = 4; lastKnownFileType = sourcecode.c.h; name = "Landlord+CoreDataProperties.h"; path = "../Landlord+CoreDataProperties.h"; sourceTree = "<group>"; };
		AB6438291D5FE40E002912D5 /* Landlord+CoreDataProperties.m */ = {isa = PBXFileReference; fileEncoding = 4; lastKnownFileType = sourcecode.c.objc; name = "Landlord+CoreDataProperties.m"; path = "../Landlord+CoreDataProperties.m"; sourceTree = "<group>"; };
		AB64382A1D5FE40E002912D5 /* Landlord.h */ = {isa = PBXFileReference; fileEncoding = 4; lastKnownFileType = sourcecode.c.h; name = Landlord.h; path = ../Landlord.h; sourceTree = "<group>"; };
		AB64382B1D5FE40E002912D5 /* Landlord.m */ = {isa = PBXFileReference; fileEncoding = 4; lastKnownFileType = sourcecode.c.objc; name = Landlord.m; path = ../Landlord.m; sourceTree = "<group>"; };
		EB1BBA4637954BCFE44701D8 /* Pods_FinalProject.framework */ = {isa = PBXFileReference; explicitFileType = wrapper.framework; includeInIndex = 0; path = Pods_FinalProject.framework; sourceTree = BUILT_PRODUCTS_DIR; };
/* End PBXFileReference section */

/* Begin PBXFrameworksBuildPhase section */
		972D46FB1D5911D500AF6464 /* Frameworks */ = {
			isa = PBXFrameworksBuildPhase;
			buildActionMask = 2147483647;
			files = (
				9FEDED6702EA1039A1759369 /* Pods_FinalProject.framework in Frameworks */,
			);
			runOnlyForDeploymentPostprocessing = 0;
		};
/* End PBXFrameworksBuildPhase section */

/* Begin PBXGroup section */
		84E7A545D0B39FE2A89032C6 /* Pods */ = {
			isa = PBXGroup;
			children = (
				8CCCB0DE0778CADFBDF87F46 /* Pods-FinalProject.debug.xcconfig */,
				5CCA1800E6F87D6F8B269496 /* Pods-FinalProject.release.xcconfig */,
			);
			name = Pods;
			sourceTree = "<group>";
		};
		972D46F51D5911D500AF6464 = {
			isa = PBXGroup;
			children = (
				972D47001D5911D600AF6464 /* FinalProject */,
				972D46FF1D5911D600AF6464 /* Products */,
				84E7A545D0B39FE2A89032C6 /* Pods */,
				C281F698F7E7237140D92A6D /* Frameworks */,
			);
			sourceTree = "<group>";
		};
		972D46FF1D5911D600AF6464 /* Products */ = {
			isa = PBXGroup;
			children = (
				972D46FE1D5911D600AF6464 /* FinalProject.app */,
			);
			name = Products;
			sourceTree = "<group>";
		};
		972D47001D5911D600AF6464 /* FinalProject */ = {
			isa = PBXGroup;
			children = (
				972D47011D5911D600AF6464 /* AppDelegate.swift */,
				972D47061D5911D600AF6464 /* MasterViewController.swift */,
				AB6438241D5CA73F002912D5 /* LoginViewController.swift */,
				AB6438251D5CA73F002912D5 /* RegisterViewController.swift */,
				972D47431D5A71B900AF6464 /* CustomCell.swift */,
				972D47081D5911D600AF6464 /* DetailViewController.swift */,
				972D470A1D5911D600AF6464 /* Main.storyboard */,
				972D47451D5A826100AF6464 /* AddHouse.swift */,
				972D470D1D5911D600AF6464 /* Assets.xcassets */,
				972D470F1D5911D600AF6464 /* LaunchScreen.storyboard */,
				972D47121D5911D600AF6464 /* Info.plist */,
				972D47031D5911D600AF6464 /* FinalProject.xcdatamodeld */,
				972D47181D5938A500AF6464 /* FinalProject-Bridging-Header.h */,
				972D47421D593A7400AF6464 /* ImagesInteriorPart */,
				972D47411D593A6600AF6464 /* InteriorPart */,
				972D47261D59398B00AF6464 /* Landlord */,
				972D473F1D593A4B00AF6464 /* Room */,
				972D47401D593A5800AF6464 /* ImagesHouse */,
				972D47251D59393B00AF6464 /* House */,
			);
			path = FinalProject;
			sourceTree = "<group>";
		};
		972D47251D59393B00AF6464 /* House */ = {
			isa = PBXGroup;
			children = (
				972D47191D5938A500AF6464 /* House+CoreDataProperties.h */,
				972D471A1D5938A500AF6464 /* House+CoreDataProperties.m */,
				972D471B1D5938A500AF6464 /* House.h */,
				972D471C1D5938A500AF6464 /* House.m */,
			);
			name = House;
			sourceTree = "<group>";
		};
		972D47261D59398B00AF6464 /* Landlord */ = {
			isa = PBXGroup;
			children = (
				AB6438291D5FE40E002912D5 /* Landlord+CoreDataProperties.m */,
				AB6438281D5FE40E002912D5 /* Landlord+CoreDataProperties.h */,
				AB64382A1D5FE40E002912D5 /* Landlord.h */,
				AB64382B1D5FE40E002912D5 /* Landlord.m */,
			);
			name = Landlord;
			sourceTree = "<group>";
		};
		972D473F1D593A4B00AF6464 /* Room */ = {
			isa = PBXGroup;
			children = (
				972D47271D593A2F00AF6464 /* Room+CoreDataProperties.h */,
				972D47281D593A2F00AF6464 /* Room+CoreDataProperties.m */,
				972D47291D593A2F00AF6464 /* Room.h */,
				972D472A1D593A2F00AF6464 /* Room.m */,
			);
			name = Room;
			sourceTree = "<group>";
		};
		972D47401D593A5800AF6464 /* ImagesHouse */ = {
			isa = PBXGroup;
			children = (
				972D472B1D593A2F00AF6464 /* ImagesHouse+CoreDataProperties.h */,
				972D472C1D593A2F00AF6464 /* ImagesHouse+CoreDataProperties.m */,
				972D472D1D593A2F00AF6464 /* ImagesHouse.h */,
				972D472E1D593A2F00AF6464 /* ImagesHouse.m */,
			);
			name = ImagesHouse;
			sourceTree = "<group>";
		};
		972D47411D593A6600AF6464 /* InteriorPart */ = {
			isa = PBXGroup;
			children = (
				972D472F1D593A2F00AF6464 /* InteriorPart+CoreDataProperties.h */,
				972D47301D593A2F00AF6464 /* InteriorPart+CoreDataProperties.m */,
				972D47311D593A2F00AF6464 /* InteriorPart.h */,
				972D47321D593A2F00AF6464 /* InteriorPart.m */,
			);
			name = InteriorPart;
			sourceTree = "<group>";
		};
		972D47421D593A7400AF6464 /* ImagesInteriorPart */ = {
			isa = PBXGroup;
			children = (
				972D47331D593A2F00AF6464 /* ImagesInteriorPart+CoreDataProperties.h */,
				972D47341D593A2F00AF6464 /* ImagesInteriorPart+CoreDataProperties.m */,
				972D47351D593A2F00AF6464 /* ImagesInteriorPart.h */,
				972D47361D593A2F00AF6464 /* ImagesInteriorPart.m */,
			);
			name = ImagesInteriorPart;
			sourceTree = "<group>";
		};
		C281F698F7E7237140D92A6D /* Frameworks */ = {
			isa = PBXGroup;
			children = (
				EB1BBA4637954BCFE44701D8 /* Pods_FinalProject.framework */,
			);
			name = Frameworks;
			sourceTree = "<group>";
		};
/* End PBXGroup section */

/* Begin PBXNativeTarget section */
		972D46FD1D5911D500AF6464 /* FinalProject */ = {
			isa = PBXNativeTarget;
			buildConfigurationList = 972D47151D5911D600AF6464 /* Build configuration list for PBXNativeTarget "FinalProject" */;
			buildPhases = (
				5281C7CB66A04BB2FB1AA528 /* [CP] Check Pods Manifest.lock */,
				972D46FA1D5911D500AF6464 /* Sources */,
				972D46FB1D5911D500AF6464 /* Frameworks */,
				972D46FC1D5911D500AF6464 /* Resources */,
				AEF98FBB0580A3163A33C556 /* [CP] Embed Pods Frameworks */,
				02D23303B16C565097DFE5B8 /* [CP] Copy Pods Resources */,
			);
			buildRules = (
			);
			dependencies = (
			);
			name = FinalProject;
			productName = FinalProject;
			productReference = 972D46FE1D5911D600AF6464 /* FinalProject.app */;
			productType = "com.apple.product-type.application";
		};
/* End PBXNativeTarget section */

/* Begin PBXProject section */
		972D46F61D5911D500AF6464 /* Project object */ = {
			isa = PBXProject;
			attributes = {
				LastSwiftUpdateCheck = 0730;
				LastUpgradeCheck = 0730;
				ORGANIZATIONNAME = "Yana Kultysheva";
				TargetAttributes = {
					972D46FD1D5911D500AF6464 = {
						CreatedOnToolsVersion = 7.3.1;
						DevelopmentTeam = 3GK93FXZZ6;
					};
				};
			};
			buildConfigurationList = 972D46F91D5911D500AF6464 /* Build configuration list for PBXProject "FinalProject" */;
			compatibilityVersion = "Xcode 3.2";
			developmentRegion = English;
			hasScannedForEncodings = 0;
			knownRegions = (
				en,
				Base,
			);
			mainGroup = 972D46F51D5911D500AF6464;
			productRefGroup = 972D46FF1D5911D600AF6464 /* Products */;
			projectDirPath = "";
			projectRoot = "";
			targets = (
				972D46FD1D5911D500AF6464 /* FinalProject */,
			);
		};
/* End PBXProject section */

/* Begin PBXResourcesBuildPhase section */
		972D46FC1D5911D500AF6464 /* Resources */ = {
			isa = PBXResourcesBuildPhase;
			buildActionMask = 2147483647;
			files = (
				972D47111D5911D600AF6464 /* LaunchScreen.storyboard in Resources */,
				972D470E1D5911D600AF6464 /* Assets.xcassets in Resources */,
				972D470C1D5911D600AF6464 /* Main.storyboard in Resources */,
			);
			runOnlyForDeploymentPostprocessing = 0;
		};
/* End PBXResourcesBuildPhase section */

/* Begin PBXShellScriptBuildPhase section */
		02D23303B16C565097DFE5B8 /* [CP] Copy Pods Resources */ = {
			isa = PBXShellScriptBuildPhase;
			buildActionMask = 2147483647;
			files = (
			);
			inputPaths = (
			);
			name = "[CP] Copy Pods Resources";
			outputPaths = (
			);
			runOnlyForDeploymentPostprocessing = 0;
			shellPath = /bin/sh;
			shellScript = "\"${SRCROOT}/Pods/Target Support Files/Pods-FinalProject/Pods-FinalProject-resources.sh\"\n";
			showEnvVarsInLog = 0;
		};
		5281C7CB66A04BB2FB1AA528 /* [CP] Check Pods Manifest.lock */ = {
			isa = PBXShellScriptBuildPhase;
			buildActionMask = 2147483647;
			files = (
			);
			inputPaths = (
			);
			name = "[CP] Check Pods Manifest.lock";
			outputPaths = (
			);
			runOnlyForDeploymentPostprocessing = 0;
			shellPath = /bin/sh;
			shellScript = "diff \"${PODS_ROOT}/../Podfile.lock\" \"${PODS_ROOT}/Manifest.lock\" > /dev/null\nif [[ $? != 0 ]] ; then\n    cat << EOM\nerror: The sandbox is not in sync with the Podfile.lock. Run 'pod install' or update your CocoaPods installation.\nEOM\n    exit 1\nfi\n";
			showEnvVarsInLog = 0;
		};
		AEF98FBB0580A3163A33C556 /* [CP] Embed Pods Frameworks */ = {
			isa = PBXShellScriptBuildPhase;
			buildActionMask = 2147483647;
			files = (
			);
			inputPaths = (
			);
			name = "[CP] Embed Pods Frameworks";
			outputPaths = (
			);
			runOnlyForDeploymentPostprocessing = 0;
			shellPath = /bin/sh;
			shellScript = "\"${SRCROOT}/Pods/Target Support Files/Pods-FinalProject/Pods-FinalProject-frameworks.sh\"\n";
			showEnvVarsInLog = 0;
		};
/* End PBXShellScriptBuildPhase section */

/* Begin PBXSourcesBuildPhase section */
		972D46FA1D5911D500AF6464 /* Sources */ = {
			isa = PBXSourcesBuildPhase;
			buildActionMask = 2147483647;
			files = (
				972D47381D593A2F00AF6464 /* Room.m in Sources */,
				972D473B1D593A2F00AF6464 /* InteriorPart+CoreDataProperties.m in Sources */,
				972D47461D5A826100AF6464 /* AddHouse.swift in Sources */,
				972D47441D5A71B900AF6464 /* CustomCell.swift in Sources */,
				AB6438261D5CA73F002912D5 /* LoginViewController.swift in Sources */,
				972D47371D593A2F00AF6464 /* Room+CoreDataProperties.m in Sources */,
				972D473A1D593A2F00AF6464 /* ImagesHouse.m in Sources */,
				972D473D1D593A2F00AF6464 /* ImagesInteriorPart+CoreDataProperties.m in Sources */,
				972D47221D5938A500AF6464 /* House.m in Sources */,
				972D47391D593A2F00AF6464 /* ImagesHouse+CoreDataProperties.m in Sources */,
				AB64382D1D5FE40E002912D5 /* Landlord.m in Sources */,
				AB6438271D5CA73F002912D5 /* RegisterViewController.swift in Sources */,
				972D473E1D593A2F00AF6464 /* ImagesInteriorPart.m in Sources */,
				972D47211D5938A500AF6464 /* House+CoreDataProperties.m in Sources */,
				972D473C1D593A2F00AF6464 /* InteriorPart.m in Sources */,
				AB64382C1D5FE40E002912D5 /* Landlord+CoreDataProperties.m in Sources */,
				972D47051D5911D600AF6464 /* FinalProject.xcdatamodeld in Sources */,
				972D47021D5911D600AF6464 /* AppDelegate.swift in Sources */,
				972D47071D5911D600AF6464 /* MasterViewController.swift in Sources */,
				972D47091D5911D600AF6464 /* DetailViewController.swift in Sources */,
			);
			runOnlyForDeploymentPostprocessing = 0;
		};
/* End PBXSourcesBuildPhase section */

/* Begin PBXVariantGroup section */
		972D470A1D5911D600AF6464 /* Main.storyboard */ = {
			isa = PBXVariantGroup;
			children = (
				972D470B1D5911D600AF6464 /* Base */,
			);
			name = Main.storyboard;
			sourceTree = "<group>";
		};
		972D470F1D5911D600AF6464 /* LaunchScreen.storyboard */ = {
			isa = PBXVariantGroup;
			children = (
				972D47101D5911D600AF6464 /* Base */,
			);
			name = LaunchScreen.storyboard;
			sourceTree = "<group>";
		};
/* End PBXVariantGroup section */

/* Begin XCBuildConfiguration section */
		972D47131D5911D600AF6464 /* Debug */ = {
			isa = XCBuildConfiguration;
			buildSettings = {
				ALWAYS_SEARCH_USER_PATHS = NO;
				CLANG_ANALYZER_NONNULL = YES;
				CLANG_CXX_LANGUAGE_STANDARD = "gnu++0x";
				CLANG_CXX_LIBRARY = "libc++";
				CLANG_ENABLE_MODULES = YES;
				CLANG_ENABLE_OBJC_ARC = YES;
				CLANG_WARN_BOOL_CONVERSION = YES;
				CLANG_WARN_CONSTANT_CONVERSION = YES;
				CLANG_WARN_DIRECT_OBJC_ISA_USAGE = YES_ERROR;
				CLANG_WARN_EMPTY_BODY = YES;
				CLANG_WARN_ENUM_CONVERSION = YES;
				CLANG_WARN_INT_CONVERSION = YES;
				CLANG_WARN_OBJC_ROOT_CLASS = YES_ERROR;
				CLANG_WARN_UNREACHABLE_CODE = YES;
				CLANG_WARN__DUPLICATE_METHOD_MATCH = YES;
				"CODE_SIGN_IDENTITY[sdk=iphoneos*]" = "iPhone Developer";
				COPY_PHASE_STRIP = NO;
				DEBUG_INFORMATION_FORMAT = dwarf;
				ENABLE_STRICT_OBJC_MSGSEND = YES;
				ENABLE_TESTABILITY = YES;
				GCC_C_LANGUAGE_STANDARD = gnu99;
				GCC_DYNAMIC_NO_PIC = NO;
				GCC_NO_COMMON_BLOCKS = YES;
				GCC_OPTIMIZATION_LEVEL = 0;
				GCC_PREPROCESSOR_DEFINITIONS = (
					"DEBUG=1",
					"$(inherited)",
				);
				GCC_WARN_64_TO_32_BIT_CONVERSION = YES;
				GCC_WARN_ABOUT_RETURN_TYPE = YES_ERROR;
				GCC_WARN_UNDECLARED_SELECTOR = YES;
				GCC_WARN_UNINITIALIZED_AUTOS = YES_AGGRESSIVE;
				GCC_WARN_UNUSED_FUNCTION = YES;
				GCC_WARN_UNUSED_VARIABLE = YES;
				IPHONEOS_DEPLOYMENT_TARGET = 9.3;
				MTL_ENABLE_DEBUG_INFO = YES;
				ONLY_ACTIVE_ARCH = YES;
				SDKROOT = iphoneos;
				SWIFT_OPTIMIZATION_LEVEL = "-Onone";
			};
			name = Debug;
		};
		972D47141D5911D600AF6464 /* Release */ = {
			isa = XCBuildConfiguration;
			buildSettings = {
				ALWAYS_SEARCH_USER_PATHS = NO;
				CLANG_ANALYZER_NONNULL = YES;
				CLANG_CXX_LANGUAGE_STANDARD = "gnu++0x";
				CLANG_CXX_LIBRARY = "libc++";
				CLANG_ENABLE_MODULES = YES;
				CLANG_ENABLE_OBJC_ARC = YES;
				CLANG_WARN_BOOL_CONVERSION = YES;
				CLANG_WARN_CONSTANT_CONVERSION = YES;
				CLANG_WARN_DIRECT_OBJC_ISA_USAGE = YES_ERROR;
				CLANG_WARN_EMPTY_BODY = YES;
				CLANG_WARN_ENUM_CONVERSION = YES;
				CLANG_WARN_INT_CONVERSION = YES;
				CLANG_WARN_OBJC_ROOT_CLASS = YES_ERROR;
				CLANG_WARN_UNREACHABLE_CODE = YES;
				CLANG_WARN__DUPLICATE_METHOD_MATCH = YES;
				"CODE_SIGN_IDENTITY[sdk=iphoneos*]" = "iPhone Developer";
				COPY_PHASE_STRIP = NO;
				DEBUG_INFORMATION_FORMAT = "dwarf-with-dsym";
				ENABLE_NS_ASSERTIONS = NO;
				ENABLE_STRICT_OBJC_MSGSEND = YES;
				GCC_C_LANGUAGE_STANDARD = gnu99;
				GCC_NO_COMMON_BLOCKS = YES;
				GCC_WARN_64_TO_32_BIT_CONVERSION = YES;
				GCC_WARN_ABOUT_RETURN_TYPE = YES_ERROR;
				GCC_WARN_UNDECLARED_SELECTOR = YES;
				GCC_WARN_UNINITIALIZED_AUTOS = YES_AGGRESSIVE;
				GCC_WARN_UNUSED_FUNCTION = YES;
				GCC_WARN_UNUSED_VARIABLE = YES;
				IPHONEOS_DEPLOYMENT_TARGET = 9.3;
				MTL_ENABLE_DEBUG_INFO = NO;
				SDKROOT = iphoneos;
				VALIDATE_PRODUCT = YES;
			};
			name = Release;
		};
		972D47161D5911D600AF6464 /* Debug */ = {
			isa = XCBuildConfiguration;
			baseConfigurationReference = 8CCCB0DE0778CADFBDF87F46 /* Pods-FinalProject.debug.xcconfig */;
			buildSettings = {
				ASSETCATALOG_COMPILER_APPICON_NAME = AppIcon;
				CLANG_ENABLE_MODULES = YES;
				CODE_SIGN_IDENTITY = "iPhone Developer";
				"CODE_SIGN_IDENTITY[sdk=iphoneos*]" = "iPhone Developer";
				INFOPLIST_FILE = FinalProject/Info.plist;
				LD_RUNPATH_SEARCH_PATHS = "$(inherited) @executable_path/Frameworks";
				PRODUCT_BUNDLE_IDENTIFIER = lighthouse.FinalProject;
				PRODUCT_NAME = "$(TARGET_NAME)";
				PROVISIONING_PROFILE = "";
				SWIFT_OBJC_BRIDGING_HEADER = "FinalProject/FinalProject-Bridging-Header.h";
				SWIFT_OPTIMIZATION_LEVEL = "-Onone";
			};
			name = Debug;
		};
		972D47171D5911D600AF6464 /* Release */ = {
			isa = XCBuildConfiguration;
			baseConfigurationReference = 5CCA1800E6F87D6F8B269496 /* Pods-FinalProject.release.xcconfig */;
			buildSettings = {
				ASSETCATALOG_COMPILER_APPICON_NAME = AppIcon;
				CLANG_ENABLE_MODULES = YES;
				CODE_SIGN_IDENTITY = "iPhone Developer";
				"CODE_SIGN_IDENTITY[sdk=iphoneos*]" = "iPhone Developer";
				INFOPLIST_FILE = FinalProject/Info.plist;
				LD_RUNPATH_SEARCH_PATHS = "$(inherited) @executable_path/Frameworks";
				PRODUCT_BUNDLE_IDENTIFIER = lighthouse.FinalProject;
				PRODUCT_NAME = "$(TARGET_NAME)";
				PROVISIONING_PROFILE = "";
				SWIFT_OBJC_BRIDGING_HEADER = "FinalProject/FinalProject-Bridging-Header.h";
			};
			name = Release;
		};
/* End XCBuildConfiguration section */

/* Begin XCConfigurationList section */
		972D46F91D5911D500AF6464 /* Build configuration list for PBXProject "FinalProject" */ = {
			isa = XCConfigurationList;
			buildConfigurations = (
				972D47131D5911D600AF6464 /* Debug */,
				972D47141D5911D600AF6464 /* Release */,
			);
			defaultConfigurationIsVisible = 0;
			defaultConfigurationName = Release;
		};
		972D47151D5911D600AF6464 /* Build configuration list for PBXNativeTarget "FinalProject" */ = {
			isa = XCConfigurationList;
			buildConfigurations = (
				972D47161D5911D600AF6464 /* Debug */,
				972D47171D5911D600AF6464 /* Release */,
			);
			defaultConfigurationIsVisible = 0;
			defaultConfigurationName = Release;
		};
/* End XCConfigurationList section */

/* Begin XCVersionGroup section */
		972D47031D5911D600AF6464 /* FinalProject.xcdatamodeld */ = {
			isa = XCVersionGroup;
			children = (
				972D47041D5911D600AF6464 /* FinalProject.xcdatamodel */,
			);
			currentVersion = 972D47041D5911D600AF6464 /* FinalProject.xcdatamodel */;
			path = FinalProject.xcdatamodeld;
			sourceTree = "<group>";
			versionGroupType = wrapper.xcdatamodel;
		};
/* End XCVersionGroup section */
	};
	rootObject = 972D46F61D5911D500AF6464 /* Project object */;
}
