// !$*UTF8*$!
{
	archiveVersion = 1;
	classes = {
	};
	objectVersion = 46;
	objects = {

/* Begin PBXBuildFile section */
		972D47021D5911D600AF6464 /* AppDelegate.swift in Sources */ = {isa = PBXBuildFile; fileRef = 972D47011D5911D600AF6464 /* AppDelegate.swift */; };
		972D47051D5911D600AF6464 /* FinalProject.xcdatamodeld in Sources */ = {isa = PBXBuildFile; fileRef = 972D47031D5911D600AF6464 /* FinalProject.xcdatamodeld */; };
		972D47071D5911D600AF6464 /* MasterViewController.swift in Sources */ = {isa = PBXBuildFile; fileRef = 972D47061D5911D600AF6464 /* MasterViewController.swift */; };
		972D47091D5911D600AF6464 /* DetailViewController.swift in Sources */ = {isa = PBXBuildFile; fileRef = 972D47081D5911D600AF6464 /* DetailViewController.swift */; };
		972D470C1D5911D600AF6464 /* Main.storyboard in Resources */ = {isa = PBXBuildFile; fileRef = 972D470A1D5911D600AF6464 /* Main.storyboard */; };
		972D470E1D5911D600AF6464 /* Assets.xcassets in Resources */ = {isa = PBXBuildFile; fileRef = 972D470D1D5911D600AF6464 /* Assets.xcassets */; };
		972D47111D5911D600AF6464 /* LaunchScreen.storyboard in Resources */ = {isa = PBXBuildFile; fileRef = 972D470F1D5911D600AF6464 /* LaunchScreen.storyboard */; };
/* End PBXBuildFile section */

/* Begin PBXFileReference section */
		972D46FE1D5911D600AF6464 /* FinalProject.app */ = {isa = PBXFileReference; explicitFileType = wrapper.application; includeInIndex = 0; path = FinalProject.app; sourceTree = BUILT_PRODUCTS_DIR; };
		972D47011D5911D600AF6464 /* AppDelegate.swift */ = {isa = PBXFileReference; lastKnownFileType = sourcecode.swift; path = AppDelegate.swift; sourceTree = "<group>"; };
		972D47041D5911D600AF6464 /* FinalProject.xcdatamodel */ = {isa = PBXFileReference; lastKnownFileType = wrapper.xcdatamodel; path = FinalProject.xcdatamodel; sourceTree = "<group>"; };
		972D47061D5911D600AF6464 /* MasterViewController.swift */ = {isa = PBXFileReference; lastKnownFileType = sourcecode.swift; path = MasterViewController.swift; sourceTree = "<group>"; };
		972D47081D5911D600AF6464 /* DetailViewController.swift */ = {isa = PBXFileReference; lastKnownFileType = sourcecode.swift; path = DetailViewController.swift; sourceTree = "<group>"; };
		972D470B1D5911D600AF6464 /* Base */ = {isa = PBXFileReference; lastKnownFileType = file.storyboard; name = Base; path = Base.lproj/Main.storyboard; sourceTree = "<group>"; };
		972D470D1D5911D600AF6464 /* Assets.xcassets */ = {isa = PBXFileReference; lastKnownFileType = folder.assetcatalog; path = Assets.xcassets; sourceTree = "<group>"; };
		972D47101D5911D600AF6464 /* Base */ = {isa = PBXFileReference; lastKnownFileType = file.storyboard; name = Base; path = Base.lproj/LaunchScreen.storyboard; sourceTree = "<group>"; };
		972D47121D5911D600AF6464 /* Info.plist */ = {isa = PBXFileReference; lastKnownFileType = text.plist.xml; path = Info.plist; sourceTree = "<group>"; };
/* End PBXFileReference section */

/* Begin PBXFrameworksBuildPhase section */
		972D46FB1D5911D500AF6464 /* Frameworks */ = {
			isa = PBXFrameworksBuildPhase;
			buildActionMask = 2147483647;
			files = (
			);
			runOnlyForDeploymentPostprocessing = 0;
		};
/* End PBXFrameworksBuildPhase section */

/* Begin PBXGroup section */
		972D46F51D5911D500AF6464 = {
			isa = PBXGroup;
			children = (
				972D47001D5911D600AF6464 /* FinalProject */,
				972D46FF1D5911D600AF6464 /* Products */,
			);
			sourceTree = "<group>";
		};
		972D46FF1D5911D600AF6464 /* Products */ = {
			isa = PBXGroup;
			children = (
				972D46FE1D5911D600AF6464 /* FinalProject.app */,
			);
			name = Products;
			sourceTree = "<group>";
		};
		972D47001D5911D600AF6464 /* FinalProject */ = {
			isa = PBXGroup;
			children = (
				972D47011D5911D600AF6464 /* AppDelegate.swift */,
				972D47061D5911D600AF6464 /* MasterViewController.swift */,
				972D47081D5911D600AF6464 /* DetailViewController.swift */,
				972D470A1D5911D600AF6464 /* Main.storyboard */,
				972D470D1D5911D600AF6464 /* Assets.xcassets */,
				972D470F1D5911D600AF6464 /* LaunchScreen.storyboard */,
				972D47121D5911D600AF6464 /* Info.plist */,
				972D47031D5911D600AF6464 /* FinalProject.xcdatamodeld */,
			);
			path = FinalProject;
			sourceTree = "<group>";
		};
/* End PBXGroup section */

/* Begin PBXNativeTarget section */
		972D46FD1D5911D500AF6464 /* FinalProject */ = {
			isa = PBXNativeTarget;
			buildConfigurationList = 972D47151D5911D600AF6464 /* Build configuration list for PBXNativeTarget "FinalProject" */;
			buildPhases = (
				972D46FA1D5911D500AF6464 /* Sources */,
				972D46FB1D5911D500AF6464 /* Frameworks */,
				972D46FC1D5911D500AF6464 /* Resources */,
			);
			buildRules = (
			);
			dependencies = (
			);
			name = FinalProject;
			productName = FinalProject;
			productReference = 972D46FE1D5911D600AF6464 /* FinalProject.app */;
			productType = "com.apple.product-type.application";
		};
/* End PBXNativeTarget section */

/* Begin PBXProject section */
		972D46F61D5911D500AF6464 /* Project object */ = {
			isa = PBXProject;
			attributes = {
				LastSwiftUpdateCheck = 0730;
				LastUpgradeCheck = 0730;
				ORGANIZATIONNAME = "Yana Kultysheva";
				TargetAttributes = {
					972D46FD1D5911D500AF6464 = {
						CreatedOnToolsVersion = 7.3.1;
					};
				};
			};
			buildConfigurationList = 972D46F91D5911D500AF6464 /* Build configuration list for PBXProject "FinalProject" */;
			compatibilityVersion = "Xcode 3.2";
			developmentRegion = English;
			hasScannedForEncodings = 0;
			knownRegions = (
				en,
				Base,
			);
			mainGroup = 972D46F51D5911D500AF6464;
			productRefGroup = 972D46FF1D5911D600AF6464 /* Products */;
			projectDirPath = "";
			projectRoot = "";
			targets = (
				972D46FD1D5911D500AF6464 /* FinalProject */,
			);
		};
/* End PBXProject section */

/* Begin PBXResourcesBuildPhase section */
		972D46FC1D5911D500AF6464 /* Resources */ = {
			isa = PBXResourcesBuildPhase;
			buildActionMask = 2147483647;
			files = (
				972D47111D5911D600AF6464 /* LaunchScreen.storyboard in Resources */,
				972D470E1D5911D600AF6464 /* Assets.xcassets in Resources */,
				972D470C1D5911D600AF6464 /* Main.storyboard in Resources */,
			);
			runOnlyForDeploymentPostprocessing = 0;
		};
/* End PBXResourcesBuildPhase section */

/* Begin PBXSourcesBuildPhase section */
		972D46FA1D5911D500AF6464 /* Sources */ = {
			isa = PBXSourcesBuildPhase;
			buildActionMask = 2147483647;
			files = (
				972D47051D5911D600AF6464 /* FinalProject.xcdatamodeld in Sources */,
				972D47021D5911D600AF6464 /* AppDelegate.swift in Sources */,
				972D47071D5911D600AF6464 /* MasterViewController.swift in Sources */,
				972D47091D5911D600AF6464 /* DetailViewController.swift in Sources */,
			);
			runOnlyForDeploymentPostprocessing = 0;
		};
/* End PBXSourcesBuildPhase section */

/* Begin PBXVariantGroup section */
		972D470A1D5911D600AF6464 /* Main.storyboard */ = {
			isa = PBXVariantGroup;
			children = (
				972D470B1D5911D600AF6464 /* Base */,
			);
			name = Main.storyboard;
			sourceTree = "<group>";
		};
		972D470F1D5911D600AF6464 /* LaunchScreen.storyboard */ = {
			isa = PBXVariantGroup;
			children = (
				972D47101D5911D600AF6464 /* Base */,
			);
			name = LaunchScreen.storyboard;
			sourceTree = "<group>";
		};
/* End PBXVariantGroup section */

/* Begin XCBuildConfiguration section */
		972D47131D5911D600AF6464 /* Debug */ = {
			isa = XCBuildConfiguration;
			buildSettings = {
				ALWAYS_SEARCH_USER_PATHS = NO;
				CLANG_ANALYZER_NONNULL = YES;
				CLANG_CXX_LANGUAGE_STANDARD = "gnu++0x";
				CLANG_CXX_LIBRARY = "libc++";
				CLANG_ENABLE_MODULES = YES;
				CLANG_ENABLE_OBJC_ARC = YES;
				CLANG_WARN_BOOL_CONVERSION = YES;
				CLANG_WARN_CONSTANT_CONVERSION = YES;
				CLANG_WARN_DIRECT_OBJC_ISA_USAGE = YES_ERROR;
				CLANG_WARN_EMPTY_BODY = YES;
				CLANG_WARN_ENUM_CONVERSION = YES;
				CLANG_WARN_INT_CONVERSION = YES;
				CLANG_WARN_OBJC_ROOT_CLASS = YES_ERROR;
				CLANG_WARN_UNREACHABLE_CODE = YES;
				CLANG_WARN__DUPLICATE_METHOD_MATCH = YES;
				"CODE_SIGN_IDENTITY[sdk=iphoneos*]" = "iPhone Developer";
				COPY_PHASE_STRIP = NO;
				DEBUG_INFORMATION_FORMAT = dwarf;
				ENABLE_STRICT_OBJC_MSGSEND = YES;
				ENABLE_TESTABILITY = YES;
				GCC_C_LANGUAGE_STANDARD = gnu99;
				GCC_DYNAMIC_NO_PIC = NO;
				GCC_NO_COMMON_BLOCKS = YES;
				GCC_OPTIMIZATION_LEVEL = 0;
				GCC_PREPROCESSOR_DEFINITIONS = (
					"DEBUG=1",
					"$(inherited)",
				);
				GCC_WARN_64_TO_32_BIT_CONVERSION = YES;
				GCC_WARN_ABOUT_RETURN_TYPE = YES_ERROR;
				GCC_WARN_UNDECLARED_SELECTOR = YES;
				GCC_WARN_UNINITIALIZED_AUTOS = YES_AGGRESSIVE;
				GCC_WARN_UNUSED_FUNCTION = YES;
				GCC_WARN_UNUSED_VARIABLE = YES;
				IPHONEOS_DEPLOYMENT_TARGET = 9.3;
				MTL_ENABLE_DEBUG_INFO = YES;
				ONLY_ACTIVE_ARCH = YES;
				SDKROOT = iphoneos;
				SWIFT_OPTIMIZATION_LEVEL = "-Onone";
			};
			name = Debug;
		};
		972D47141D5911D600AF6464 /* Release */ = {
			isa = XCBuildConfiguration;
			buildSettings = {
				ALWAYS_SEARCH_USER_PATHS = NO;
				CLANG_ANALYZER_NONNULL = YES;
				CLANG_CXX_LANGUAGE_STANDARD = "gnu++0x";
				CLANG_CXX_LIBRARY = "libc++";
				CLANG_ENABLE_MODULES = YES;
				CLANG_ENABLE_OBJC_ARC = YES;
				CLANG_WARN_BOOL_CONVERSION = YES;
				CLANG_WARN_CONSTANT_CONVERSION = YES;
				CLANG_WARN_DIRECT_OBJC_ISA_USAGE = YES_ERROR;
				CLANG_WARN_EMPTY_BODY = YES;
				CLANG_WARN_ENUM_CONVERSION = YES;
				CLANG_WARN_INT_CONVERSION = YES;
				CLANG_WARN_OBJC_ROOT_CLASS = YES_ERROR;
				CLANG_WARN_UNREACHABLE_CODE = YES;
				CLANG_WARN__DUPLICATE_METHOD_MATCH = YES;
				"CODE_SIGN_IDENTITY[sdk=iphoneos*]" = "iPhone Developer";
				COPY_PHASE_STRIP = NO;
				DEBUG_INFORMATION_FORMAT = "dwarf-with-dsym";
				ENABLE_NS_ASSERTIONS = NO;
				ENABLE_STRICT_OBJC_MSGSEND = YES;
				GCC_C_LANGUAGE_STANDARD = gnu99;
				GCC_NO_COMMON_BLOCKS = YES;
				GCC_WARN_64_TO_32_BIT_CONVERSION = YES;
				GCC_WARN_ABOUT_RETURN_TYPE = YES_ERROR;
				GCC_WARN_UNDECLARED_SELECTOR = YES;
				GCC_WARN_UNINITIALIZED_AUTOS = YES_AGGRESSIVE;
				GCC_WARN_UNUSED_FUNCTION = YES;
				GCC_WARN_UNUSED_VARIABLE = YES;
				IPHONEOS_DEPLOYMENT_TARGET = 9.3;
				MTL_ENABLE_DEBUG_INFO = NO;
				SDKROOT = iphoneos;
				VALIDATE_PRODUCT = YES;
			};
			name = Release;
		};
		972D47161D5911D600AF6464 /* Debug */ = {
			isa = XCBuildConfiguration;
			buildSettings = {
				ASSETCATALOG_COMPILER_APPICON_NAME = AppIcon;
				INFOPLIST_FILE = FinalProject/Info.plist;
				LD_RUNPATH_SEARCH_PATHS = "$(inherited) @executable_path/Frameworks";
				PRODUCT_BUNDLE_IDENTIFIER = lighthouse.FinalProject;
				PRODUCT_NAME = "$(TARGET_NAME)";
			};
			name = Debug;
		};
		972D47171D5911D600AF6464 /* Release */ = {
			isa = XCBuildConfiguration;
			buildSettings = {
				ASSETCATALOG_COMPILER_APPICON_NAME = AppIcon;
				INFOPLIST_FILE = FinalProject/Info.plist;
				LD_RUNPATH_SEARCH_PATHS = "$(inherited) @executable_path/Frameworks";
				PRODUCT_BUNDLE_IDENTIFIER = lighthouse.FinalProject;
				PRODUCT_NAME = "$(TARGET_NAME)";
			};
			name = Release;
		};
/* End XCBuildConfiguration section */

/* Begin XCConfigurationList section */
		972D46F91D5911D500AF6464 /* Build configuration list for PBXProject "FinalProject" */ = {
			isa = XCConfigurationList;
			buildConfigurations = (
				972D47131D5911D600AF6464 /* Debug */,
				972D47141D5911D600AF6464 /* Release */,
			);
			defaultConfigurationIsVisible = 0;
			defaultConfigurationName = Release;
		};
		972D47151D5911D600AF6464 /* Build configuration list for PBXNativeTarget "FinalProject" */ = {
			isa = XCConfigurationList;
			buildConfigurations = (
				972D47161D5911D600AF6464 /* Debug */,
				972D47171D5911D600AF6464 /* Release */,
			);
			defaultConfigurationIsVisible = 0;
		};
/* End XCConfigurationList section */

/* Begin XCVersionGroup section */
		972D47031D5911D600AF6464 /* FinalProject.xcdatamodeld */ = {
			isa = XCVersionGroup;
			children = (
				972D47041D5911D600AF6464 /* FinalProject.xcdatamodel */,
			);
			currentVersion = 972D47041D5911D600AF6464 /* FinalProject.xcdatamodel */;
			path = FinalProject.xcdatamodeld;
			sourceTree = "<group>";
			versionGroupType = wrapper.xcdatamodel;
		};
/* End XCVersionGroup section */
	};
	rootObject = 972D46F61D5911D500AF6464 /* Project object */;
}
